
Microsoft Visual Studio Solution File, Format Version 12.00
# Visual Studio Version 16
VisualStudioVersion = 16.0.31624.102
MinimumVisualStudioVersion = 10.0.40219.1
Project("{FAE04EC0-301F-11D3-BF4B-00C04F79EFBC}") = "Lab_14", "Lab_14.csproj", "{A29FBD6A-4F67-47B4-803C-AB998482D728}"
EndProject
Global
	GlobalSection(SolutionConfigurationPlatforms) = preSolution
		Debug|Any CPU = Debug|Any CPU
		Release|Any CPU = Release|Any CPU
	EndGlobalSection
	GlobalSection(ProjectConfigurationPlatforms) = postSolution
		{A29FBD6A-4F67-47B4-803C-AB998482D728}.Debug|Any CPU.ActiveCfg = Debug|Any CPU
		{A29FBD6A-4F67-47B4-803C-AB998482D728}.Debug|Any CPU.Build.0 = Debug|Any CPU
		{A29FBD6A-4F67-47B4-803C-AB998482D728}.Release|Any CPU.ActiveCfg = Release|Any CPU
		{A29FBD6A-4F67-47B4-803C-AB998482D728}.Release|Any CPU.Build.0 = Release|Any CPU
	EndGlobalSection
	GlobalSection(SolutionProperties) = preSolution
		HideSolutionNode = FALSE
	EndGlobalSection
	GlobalSection(ExtensibilityGlobals) = postSolution
		SolutionGuid = {16CB9C17-1EF4-4581-9085-9839749BC37E}
	EndGlobalSection
EndGlobal
